
Microsoft Visual Studio Solution File, Format Version 12.00
# Visual Studio 2012
Project("{FAE04EC0-301F-11D3-BF4B-00C04F79EFBC}") = "Task123", "Task1\Task123.csproj", "{CD415953-4765-496F-A187-D684CEFB4765}"
EndProject
Project("{FAE04EC0-301F-11D3-BF4B-00C04F79EFBC}") = "Task4", "Task4\Task4.csproj", "{6F43FA8F-C067-448F-95B9-1CAC55231328}"
EndProject
Project("{FAE04EC0-301F-11D3-BF4B-00C04F79EFBC}") = "Task5", "Task5\Task5.csproj", "{6C55409D-11DE-4095-AE6E-13BE0BA71F45}"
EndProject
Global
	GlobalSection(SolutionConfigurationPlatforms) = preSolution
		Debug|Any CPU = Debug|Any CPU
		Release|Any CPU = Release|Any CPU
	EndGlobalSection
	GlobalSection(ProjectConfigurationPlatforms) = postSolution
		{CD415953-4765-496F-A187-D684CEFB4765}.Debug|Any CPU.ActiveCfg = Debug|Any CPU
		{CD415953-4765-496F-A187-D684CEFB4765}.Debug|Any CPU.Build.0 = Debug|Any CPU
		{CD415953-4765-496F-A187-D684CEFB4765}.Release|Any CPU.ActiveCfg = Release|Any CPU
		{CD415953-4765-496F-A187-D684CEFB4765}.Release|Any CPU.Build.0 = Release|Any CPU
		{6F43FA8F-C067-448F-95B9-1CAC55231328}.Debug|Any CPU.ActiveCfg = Debug|Any CPU
		{6F43FA8F-C067-448F-95B9-1CAC55231328}.Debug|Any CPU.Build.0 = Debug|Any CPU
		{6F43FA8F-C067-448F-95B9-1CAC55231328}.Release|Any CPU.ActiveCfg = Release|Any CPU
		{6F43FA8F-C067-448F-95B9-1CAC55231328}.Release|Any CPU.Build.0 = Release|Any CPU
		{6C55409D-11DE-4095-AE6E-13BE0BA71F45}.Debug|Any CPU.ActiveCfg = Debug|Any CPU
		{6C55409D-11DE-4095-AE6E-13BE0BA71F45}.Debug|Any CPU.Build.0 = Debug|Any CPU
		{6C55409D-11DE-4095-AE6E-13BE0BA71F45}.Release|Any CPU.ActiveCfg = Release|Any CPU
		{6C55409D-11DE-4095-AE6E-13BE0BA71F45}.Release|Any CPU.Build.0 = Release|Any CPU
	EndGlobalSection
	GlobalSection(SolutionProperties) = preSolution
		HideSolutionNode = FALSE
	EndGlobalSection
EndGlobal
