
Microsoft Visual Studio Solution File, Format Version 12.00
# Visual Studio 2012
Project("{FAE04EC0-301F-11D3-BF4B-00C04F79EFBC}") = "Task1School", "Task1School\Task1School.csproj", "{C3FEF58E-A7EC-4DEA-8D48-5A10BDB5E81C}"
EndProject
Project("{FAE04EC0-301F-11D3-BF4B-00C04F79EFBC}") = "Task2Human", "Task2Human\Task2Human.csproj", "{E45996D9-EE46-4268-951A-737A2BD2C63F}"
EndProject
Project("{FAE04EC0-301F-11D3-BF4B-00C04F79EFBC}") = "Task3Animals", "Task3Animals\Task3Animals.csproj", "{ED9A090D-B6CE-4AED-B068-CD2D487613F1}"
EndProject
Global
	GlobalSection(SolutionConfigurationPlatforms) = preSolution
		Debug|Any CPU = Debug|Any CPU
		Release|Any CPU = Release|Any CPU
	EndGlobalSection
	GlobalSection(ProjectConfigurationPlatforms) = postSolution
		{C3FEF58E-A7EC-4DEA-8D48-5A10BDB5E81C}.Debug|Any CPU.ActiveCfg = Debug|Any CPU
		{C3FEF58E-A7EC-4DEA-8D48-5A10BDB5E81C}.Debug|Any CPU.Build.0 = Debug|Any CPU
		{C3FEF58E-A7EC-4DEA-8D48-5A10BDB5E81C}.Release|Any CPU.ActiveCfg = Release|Any CPU
		{C3FEF58E-A7EC-4DEA-8D48-5A10BDB5E81C}.Release|Any CPU.Build.0 = Release|Any CPU
		{E45996D9-EE46-4268-951A-737A2BD2C63F}.Debug|Any CPU.ActiveCfg = Debug|Any CPU
		{E45996D9-EE46-4268-951A-737A2BD2C63F}.Debug|Any CPU.Build.0 = Debug|Any CPU
		{E45996D9-EE46-4268-951A-737A2BD2C63F}.Release|Any CPU.ActiveCfg = Release|Any CPU
		{E45996D9-EE46-4268-951A-737A2BD2C63F}.Release|Any CPU.Build.0 = Release|Any CPU
		{ED9A090D-B6CE-4AED-B068-CD2D487613F1}.Debug|Any CPU.ActiveCfg = Debug|Any CPU
		{ED9A090D-B6CE-4AED-B068-CD2D487613F1}.Debug|Any CPU.Build.0 = Debug|Any CPU
		{ED9A090D-B6CE-4AED-B068-CD2D487613F1}.Release|Any CPU.ActiveCfg = Release|Any CPU
		{ED9A090D-B6CE-4AED-B068-CD2D487613F1}.Release|Any CPU.Build.0 = Release|Any CPU
	EndGlobalSection
	GlobalSection(SolutionProperties) = preSolution
		HideSolutionNode = FALSE
	EndGlobalSection
EndGlobal
